
Microsoft Visual Studio Solution File, Format Version 12.00
# Visual Studio Version 17
VisualStudioVersion = 17.0.31903.59
MinimumVisualStudioVersion = 10.0.40219.1
Project("{FAE04EC0-301F-11D3-BF4B-00C04F79EFBC}") = "YuGiOh.Showcase.WinForms", "YuGiOh.Showcase.WinForms\YuGiOh.Showcase.WinForms.csproj", "{22DD2075-F949-4B39-8C0B-5EB31ED25B63}"
EndProject
Project("{FAE04EC0-301F-11D3-BF4B-00C04F79EFBC}") = "YuGiOh.Showcase.Domain", "YuGiOh.Showcase.Domain\YuGiOh.Showcase.Domain.csproj", "{7E5A7AE5-7B14-46FC-975C-F316D52B146F}"
EndProject
Project("{FAE04EC0-301F-11D3-BF4B-00C04F79EFBC}") = "YuGiOh.Showcase.Application", "YuGiOh.Showcase.Application\YuGiOh.Showcase.Application.csproj", "{AB1DA575-FB70-436B-9675-25826DB66941}"
EndProject
Project("{FAE04EC0-301F-11D3-BF4B-00C04F79EFBC}") = "YuGiOh.Showcase.Infrastructure", "YuGiOh.Showcase.Infrastructure\YuGiOh.Showcase.Infrastructure.csproj", "{CCD34A6B-1F85-47FA-898F-F427B9ECB251}"
EndProject
Global
	GlobalSection(SolutionConfigurationPlatforms) = preSolution
		Debug|Any CPU = Debug|Any CPU
		Debug|x64 = Debug|x64
		Debug|x86 = Debug|x86
		Release|Any CPU = Release|Any CPU
		Release|x64 = Release|x64
		Release|x86 = Release|x86
	EndGlobalSection
	GlobalSection(ProjectConfigurationPlatforms) = postSolution
		{22DD2075-F949-4B39-8C0B-5EB31ED25B63}.Debug|Any CPU.ActiveCfg = Debug|Any CPU
		{22DD2075-F949-4B39-8C0B-5EB31ED25B63}.Debug|Any CPU.Build.0 = Debug|Any CPU
		{22DD2075-F949-4B39-8C0B-5EB31ED25B63}.Debug|x64.ActiveCfg = Debug|Any CPU
		{22DD2075-F949-4B39-8C0B-5EB31ED25B63}.Debug|x64.Build.0 = Debug|Any CPU
		{22DD2075-F949-4B39-8C0B-5EB31ED25B63}.Debug|x86.ActiveCfg = Debug|Any CPU
		{22DD2075-F949-4B39-8C0B-5EB31ED25B63}.Debug|x86.Build.0 = Debug|Any CPU
		{22DD2075-F949-4B39-8C0B-5EB31ED25B63}.Release|Any CPU.ActiveCfg = Release|Any CPU
		{22DD2075-F949-4B39-8C0B-5EB31ED25B63}.Release|Any CPU.Build.0 = Release|Any CPU
		{22DD2075-F949-4B39-8C0B-5EB31ED25B63}.Release|x64.ActiveCfg = Release|Any CPU
		{22DD2075-F949-4B39-8C0B-5EB31ED25B63}.Release|x64.Build.0 = Release|Any CPU
		{22DD2075-F949-4B39-8C0B-5EB31ED25B63}.Release|x86.ActiveCfg = Release|Any CPU
		{22DD2075-F949-4B39-8C0B-5EB31ED25B63}.Release|x86.Build.0 = Release|Any CPU
		{7E5A7AE5-7B14-46FC-975C-F316D52B146F}.Debug|Any CPU.ActiveCfg = Debug|Any CPU
		{7E5A7AE5-7B14-46FC-975C-F316D52B146F}.Debug|Any CPU.Build.0 = Debug|Any CPU
		{7E5A7AE5-7B14-46FC-975C-F316D52B146F}.Debug|x64.ActiveCfg = Debug|Any CPU
		{7E5A7AE5-7B14-46FC-975C-F316D52B146F}.Debug|x64.Build.0 = Debug|Any CPU
		{7E5A7AE5-7B14-46FC-975C-F316D52B146F}.Debug|x86.ActiveCfg = Debug|Any CPU
		{7E5A7AE5-7B14-46FC-975C-F316D52B146F}.Debug|x86.Build.0 = Debug|Any CPU
		{7E5A7AE5-7B14-46FC-975C-F316D52B146F}.Release|Any CPU.ActiveCfg = Release|Any CPU
		{7E5A7AE5-7B14-46FC-975C-F316D52B146F}.Release|Any CPU.Build.0 = Release|Any CPU
		{7E5A7AE5-7B14-46FC-975C-F316D52B146F}.Release|x64.ActiveCfg = Release|Any CPU
		{7E5A7AE5-7B14-46FC-975C-F316D52B146F}.Release|x64.Build.0 = Release|Any CPU
		{7E5A7AE5-7B14-46FC-975C-F316D52B146F}.Release|x86.ActiveCfg = Release|Any CPU
		{7E5A7AE5-7B14-46FC-975C-F316D52B146F}.Release|x86.Build.0 = Release|Any CPU
		{AB1DA575-FB70-436B-9675-25826DB66941}.Debug|Any CPU.ActiveCfg = Debug|Any CPU
		{AB1DA575-FB70-436B-9675-25826DB66941}.Debug|Any CPU.Build.0 = Debug|Any CPU
		{AB1DA575-FB70-436B-9675-25826DB66941}.Debug|x64.ActiveCfg = Debug|Any CPU
		{AB1DA575-FB70-436B-9675-25826DB66941}.Debug|x64.Build.0 = Debug|Any CPU
		{AB1DA575-FB70-436B-9675-25826DB66941}.Debug|x86.ActiveCfg = Debug|Any CPU
		{AB1DA575-FB70-436B-9675-25826DB66941}.Debug|x86.Build.0 = Debug|Any CPU
		{AB1DA575-FB70-436B-9675-25826DB66941}.Release|Any CPU.ActiveCfg = Release|Any CPU
		{AB1DA575-FB70-436B-9675-25826DB66941}.Release|Any CPU.Build.0 = Release|Any CPU
		{AB1DA575-FB70-436B-9675-25826DB66941}.Release|x64.ActiveCfg = Release|Any CPU
		{AB1DA575-FB70-436B-9675-25826DB66941}.Release|x64.Build.0 = Release|Any CPU
		{AB1DA575-FB70-436B-9675-25826DB66941}.Release|x86.ActiveCfg = Release|Any CPU
		{AB1DA575-FB70-436B-9675-25826DB66941}.Release|x86.Build.0 = Release|Any CPU
		{CCD34A6B-1F85-47FA-898F-F427B9ECB251}.Debug|Any CPU.ActiveCfg = Debug|Any CPU
		{CCD34A6B-1F85-47FA-898F-F427B9ECB251}.Debug|Any CPU.Build.0 = Debug|Any CPU
		{CCD34A6B-1F85-47FA-898F-F427B9ECB251}.Debug|x64.ActiveCfg = Debug|Any CPU
		{CCD34A6B-1F85-47FA-898F-F427B9ECB251}.Debug|x64.Build.0 = Debug|Any CPU
		{CCD34A6B-1F85-47FA-898F-F427B9ECB251}.Debug|x86.ActiveCfg = Debug|Any CPU
		{CCD34A6B-1F85-47FA-898F-F427B9ECB251}.Debug|x86.Build.0 = Debug|Any CPU
		{CCD34A6B-1F85-47FA-898F-F427B9ECB251}.Release|Any CPU.ActiveCfg = Release|Any CPU
		{CCD34A6B-1F85-47FA-898F-F427B9ECB251}.Release|Any CPU.Build.0 = Release|Any CPU
		{CCD34A6B-1F85-47FA-898F-F427B9ECB251}.Release|x64.ActiveCfg = Release|Any CPU
		{CCD34A6B-1F85-47FA-898F-F427B9ECB251}.Release|x64.Build.0 = Release|Any CPU
		{CCD34A6B-1F85-47FA-898F-F427B9ECB251}.Release|x86.ActiveCfg = Release|Any CPU
		{CCD34A6B-1F85-47FA-898F-F427B9ECB251}.Release|x86.Build.0 = Release|Any CPU
	EndGlobalSection
	GlobalSection(SolutionProperties) = preSolution
		HideSolutionNode = FALSE
	EndGlobalSection
EndGlobal
